// !$*UTF8*$!
{
	archiveVersion = 1;
	classes = {
	};
	objectVersion = 50;
	objects = {

/* Begin PBXBuildFile section */
		CE1B2A5721A608C0002413FF /* AppDelegate.swift in Sources */ = {isa = PBXBuildFile; fileRef = CE1B2A5621A608C0002413FF /* AppDelegate.swift */; };
		CE1B2A5921A608C0002413FF /* ViewController.swift in Sources */ = {isa = PBXBuildFile; fileRef = CE1B2A5821A608C0002413FF /* ViewController.swift */; };
		CE1B2A5C21A608C0002413FF /* Main.storyboard in Resources */ = {isa = PBXBuildFile; fileRef = CE1B2A5A21A608C0002413FF /* Main.storyboard */; };
		CE1B2A5E21A608C6002413FF /* Assets.xcassets in Resources */ = {isa = PBXBuildFile; fileRef = CE1B2A5D21A608C6002413FF /* Assets.xcassets */; };
		CE1B2A6121A608C6002413FF /* LaunchScreen.storyboard in Resources */ = {isa = PBXBuildFile; fileRef = CE1B2A5F21A608C6002413FF /* LaunchScreen.storyboard */; };
		CE1B2A6B21A630CD002413FF /* PopulaInpersoTableCell.swift in Sources */ = {isa = PBXBuildFile; fileRef = CE1B2A6A21A630CD002413FF /* PopulaInpersoTableCell.swift */; };
		CE1B2A6D21A6317B002413FF /* InPersonneCatergoryVC.swift in Sources */ = {isa = PBXBuildFile; fileRef = CE1B2A6C21A6317B002413FF /* InPersonneCatergoryVC.swift */; };
		CE1B2A6F21A632BD002413FF /* insideCollectionCollectionViewCell.swift in Sources */ = {isa = PBXBuildFile; fileRef = CE1B2A6E21A632BD002413FF /* insideCollectionCollectionViewCell.swift */; };
		CE1B2A7121A88501002413FF /* StoriesCell.swift in Sources */ = {isa = PBXBuildFile; fileRef = CE1B2A7021A88501002413FF /* StoriesCell.swift */; };
		CE1B2A7321A8866E002413FF /* FeedCell.swift in Sources */ = {isa = PBXBuildFile; fileRef = CE1B2A7221A8866E002413FF /* FeedCell.swift */; };
		CE1B2A7521A88A18002413FF /* JobImpersonCategory.swift in Sources */ = {isa = PBXBuildFile; fileRef = CE1B2A7421A88A18002413FF /* JobImpersonCategory.swift */; };
		CE1B2A7721A88A68002413FF /* DataSet.swift in Sources */ = {isa = PBXBuildFile; fileRef = CE1B2A7621A88A68002413FF /* DataSet.swift */; };
		CE20AB5621AAF22A004E66EB /* UserInfonSugTableCell.swift in Sources */ = {isa = PBXBuildFile; fileRef = CE20AB5521AAF22A004E66EB /* UserInfonSugTableCell.swift */; };
		CE20AB5821AB4473004E66EB /* PhotoTableViewCell.swift in Sources */ = {isa = PBXBuildFile; fileRef = CE20AB5721AB4473004E66EB /* PhotoTableViewCell.swift */; };
		CE20AB5A21AB7153004E66EB /* SuggestionVC.swift in Sources */ = {isa = PBXBuildFile; fileRef = CE20AB5921AB7153004E66EB /* SuggestionVC.swift */; };
		CE20AB5D21AF1F09004E66EB /* CollectionViewController.swift in Sources */ = {isa = PBXBuildFile; fileRef = CE20AB5C21AF1F09004E66EB /* CollectionViewController.swift */; };
		CE20AB5F21AF21A3004E66EB /* Profil2VC.swift in Sources */ = {isa = PBXBuildFile; fileRef = CE20AB5E21AF21A3004E66EB /* Profil2VC.swift */; };
		CE20AB6121AF21CD004E66EB /* Profillll2222VVCC.swift in Sources */ = {isa = PBXBuildFile; fileRef = CE20AB6021AF21CD004E66EB /* Profillll2222VVCC.swift */; };
		CE20AB6321AF2905004E66EB /* HeaderReusableView1.swift in Sources */ = {isa = PBXBuildFile; fileRef = CE20AB6221AF2905004E66EB /* HeaderReusableView1.swift */; };
		CE6E790A21A8DA250004796E /* UserProfileVC.swift in Sources */ = {isa = PBXBuildFile; fileRef = CE6E790921A8DA250004796E /* UserProfileVC.swift */; };
		CE6E790C21A8E9260004796E /* SuggestionsCell.swift in Sources */ = {isa = PBXBuildFile; fileRef = CE6E790B21A8E9260004796E /* SuggestionsCell.swift */; };
/* End PBXBuildFile section */

/* Begin PBXFileReference section */
		CE1B2A5321A608C0002413FF /* InstagramUI1.app */ = {isa = PBXFileReference; explicitFileType = wrapper.application; includeInIndex = 0; path = InstagramUI1.app; sourceTree = BUILT_PRODUCTS_DIR; };
		CE1B2A5621A608C0002413FF /* AppDelegate.swift */ = {isa = PBXFileReference; lastKnownFileType = sourcecode.swift; path = AppDelegate.swift; sourceTree = "<group>"; };
		CE1B2A5821A608C0002413FF /* ViewController.swift */ = {isa = PBXFileReference; lastKnownFileType = sourcecode.swift; path = ViewController.swift; sourceTree = "<group>"; };
		CE1B2A5B21A608C0002413FF /* Base */ = {isa = PBXFileReference; lastKnownFileType = file.storyboard; name = Base; path = Base.lproj/Main.storyboard; sourceTree = "<group>"; };
		CE1B2A5D21A608C6002413FF /* Assets.xcassets */ = {isa = PBXFileReference; lastKnownFileType = folder.assetcatalog; path = Assets.xcassets; sourceTree = "<group>"; };
		CE1B2A6021A608C6002413FF /* Base */ = {isa = PBXFileReference; lastKnownFileType = file.storyboard; name = Base; path = Base.lproj/LaunchScreen.storyboard; sourceTree = "<group>"; };
		CE1B2A6221A608C6002413FF /* Info.plist */ = {isa = PBXFileReference; lastKnownFileType = text.plist.xml; path = Info.plist; sourceTree = "<group>"; };
		CE1B2A6A21A630CD002413FF /* PopulaInpersoTableCell.swift */ = {isa = PBXFileReference; fileEncoding = 4; lastKnownFileType = sourcecode.swift; path = PopulaInpersoTableCell.swift; sourceTree = "<group>"; };
		CE1B2A6C21A6317B002413FF /* InPersonneCatergoryVC.swift */ = {isa = PBXFileReference; fileEncoding = 4; lastKnownFileType = sourcecode.swift; path = InPersonneCatergoryVC.swift; sourceTree = "<group>"; };
		CE1B2A6E21A632BD002413FF /* insideCollectionCollectionViewCell.swift */ = {isa = PBXFileReference; lastKnownFileType = sourcecode.swift; path = insideCollectionCollectionViewCell.swift; sourceTree = "<group>"; };
		CE1B2A7021A88501002413FF /* StoriesCell.swift */ = {isa = PBXFileReference; lastKnownFileType = sourcecode.swift; path = StoriesCell.swift; sourceTree = "<group>"; };
		CE1B2A7221A8866E002413FF /* FeedCell.swift */ = {isa = PBXFileReference; lastKnownFileType = sourcecode.swift; path = FeedCell.swift; sourceTree = "<group>"; };
		CE1B2A7421A88A18002413FF /* JobImpersonCategory.swift */ = {isa = PBXFileReference; fileEncoding = 4; lastKnownFileType = sourcecode.swift; path = JobImpersonCategory.swift; sourceTree = "<group>"; };
		CE1B2A7621A88A68002413FF /* DataSet.swift */ = {isa = PBXFileReference; fileEncoding = 4; lastKnownFileType = sourcecode.swift; path = DataSet.swift; sourceTree = "<group>"; };
		CE20AB5521AAF22A004E66EB /* UserInfonSugTableCell.swift */ = {isa = PBXFileReference; lastKnownFileType = sourcecode.swift; path = UserInfonSugTableCell.swift; sourceTree = "<group>"; };
		CE20AB5721AB4473004E66EB /* PhotoTableViewCell.swift */ = {isa = PBXFileReference; lastKnownFileType = sourcecode.swift; path = PhotoTableViewCell.swift; sourceTree = "<group>"; };
		CE20AB5921AB7153004E66EB /* SuggestionVC.swift */ = {isa = PBXFileReference; lastKnownFileType = sourcecode.swift; path = SuggestionVC.swift; sourceTree = "<group>"; };
		CE20AB5C21AF1F09004E66EB /* CollectionViewController.swift */ = {isa = PBXFileReference; lastKnownFileType = sourcecode.swift; path = CollectionViewController.swift; sourceTree = "<group>"; };
		CE20AB5E21AF21A3004E66EB /* Profil2VC.swift */ = {isa = PBXFileReference; lastKnownFileType = sourcecode.swift; path = Profil2VC.swift; sourceTree = "<group>"; };
		CE20AB6021AF21CD004E66EB /* Profillll2222VVCC.swift */ = {isa = PBXFileReference; lastKnownFileType = sourcecode.swift; path = Profillll2222VVCC.swift; sourceTree = "<group>"; };
		CE20AB6221AF2905004E66EB /* HeaderReusableView1.swift */ = {isa = PBXFileReference; lastKnownFileType = sourcecode.swift; path = HeaderReusableView1.swift; sourceTree = "<group>"; };
		CE6E790921A8DA250004796E /* UserProfileVC.swift */ = {isa = PBXFileReference; lastKnownFileType = sourcecode.swift; path = UserProfileVC.swift; sourceTree = "<group>"; };
		CE6E790B21A8E9260004796E /* SuggestionsCell.swift */ = {isa = PBXFileReference; lastKnownFileType = sourcecode.swift; path = SuggestionsCell.swift; sourceTree = "<group>"; };
/* End PBXFileReference section */

/* Begin PBXFrameworksBuildPhase section */
		CE1B2A5021A608C0002413FF /* Frameworks */ = {
			isa = PBXFrameworksBuildPhase;
			buildActionMask = 2147483647;
			files = (
			);
			runOnlyForDeploymentPostprocessing = 0;
		};
/* End PBXFrameworksBuildPhase section */

/* Begin PBXGroup section */
		CE1B2A4A21A608BF002413FF = {
			isa = PBXGroup;
			children = (
				CE1B2A5521A608C0002413FF /* InstagramUI1 */,
				CE1B2A5421A608C0002413FF /* Products */,
			);
			sourceTree = "<group>";
		};
		CE1B2A5421A608C0002413FF /* Products */ = {
			isa = PBXGroup;
			children = (
				CE1B2A5321A608C0002413FF /* InstagramUI1.app */,
			);
			name = Products;
			sourceTree = "<group>";
		};
		CE1B2A5521A608C0002413FF /* InstagramUI1 */ = {
			isa = PBXGroup;
			children = (
				CE1B2A5621A608C0002413FF /* AppDelegate.swift */,
				CE1B2A5821A608C0002413FF /* ViewController.swift */,
				CE6E790921A8DA250004796E /* UserProfileVC.swift */,
				CE1B2A6A21A630CD002413FF /* PopulaInpersoTableCell.swift */,
				CE1B2A6C21A6317B002413FF /* InPersonneCatergoryVC.swift */,
				CE1B2A7421A88A18002413FF /* JobImpersonCategory.swift */,
				CE1B2A7021A88501002413FF /* StoriesCell.swift */,
				CE1B2A7621A88A68002413FF /* DataSet.swift */,
				CE1B2A7221A8866E002413FF /* FeedCell.swift */,
				CE20AB5521AAF22A004E66EB /* UserInfonSugTableCell.swift */,
				CE1B2A5A21A608C0002413FF /* Main.storyboard */,
				CE20AB6221AF2905004E66EB /* HeaderReusableView1.swift */,
				CE20AB5E21AF21A3004E66EB /* Profil2VC.swift */,
				CE20AB6021AF21CD004E66EB /* Profillll2222VVCC.swift */,
				CE20AB5C21AF1F09004E66EB /* CollectionViewController.swift */,
				CE20AB5921AB7153004E66EB /* SuggestionVC.swift */,
				CE20AB5721AB4473004E66EB /* PhotoTableViewCell.swift */,
				CE6E790B21A8E9260004796E /* SuggestionsCell.swift */,
				CE1B2A6E21A632BD002413FF /* insideCollectionCollectionViewCell.swift */,
				CE1B2A5D21A608C6002413FF /* Assets.xcassets */,
				CE1B2A5F21A608C6002413FF /* LaunchScreen.storyboard */,
				CE1B2A6221A608C6002413FF /* Info.plist */,
			);
			path = InstagramUI1;
			sourceTree = "<group>";
		};
/* End PBXGroup section */

/* Begin PBXNativeTarget section */
		CE1B2A5221A608C0002413FF /* InstagramUI1 */ = {
			isa = PBXNativeTarget;
			buildConfigurationList = CE1B2A6521A608C6002413FF /* Build configuration list for PBXNativeTarget "InstagramUI1" */;
			buildPhases = (
				CE1B2A4F21A608C0002413FF /* Sources */,
				CE1B2A5021A608C0002413FF /* Frameworks */,
				CE1B2A5121A608C0002413FF /* Resources */,
			);
			buildRules = (
			);
			dependencies = (
			);
			name = InstagramUI1;
			productName = InstagramUI1;
			productReference = CE1B2A5321A608C0002413FF /* InstagramUI1.app */;
			productType = "com.apple.product-type.application";
		};
/* End PBXNativeTarget section */

/* Begin PBXProject section */
		CE1B2A4B21A608C0002413FF /* Project object */ = {
			isa = PBXProject;
			attributes = {
				LastSwiftUpdateCheck = 1000;
				LastUpgradeCheck = 1000;
				ORGANIZATIONNAME = santi;
				TargetAttributes = {
					CE1B2A5221A608C0002413FF = {
						CreatedOnToolsVersion = 10.0;
					};
				};
			};
			buildConfigurationList = CE1B2A4E21A608C0002413FF /* Build configuration list for PBXProject "InstagramUI1" */;
			compatibilityVersion = "Xcode 9.3";
			developmentRegion = en;
			hasScannedForEncodings = 0;
			knownRegions = (
				en,
				Base,
			);
			mainGroup = CE1B2A4A21A608BF002413FF;
			productRefGroup = CE1B2A5421A608C0002413FF /* Products */;
			projectDirPath = "";
			projectRoot = "";
			targets = (
				CE1B2A5221A608C0002413FF /* InstagramUI1 */,
			);
		};
/* End PBXProject section */

/* Begin PBXResourcesBuildPhase section */
		CE1B2A5121A608C0002413FF /* Resources */ = {
			isa = PBXResourcesBuildPhase;
			buildActionMask = 2147483647;
			files = (
				CE1B2A6121A608C6002413FF /* LaunchScreen.storyboard in Resources */,
				CE1B2A5E21A608C6002413FF /* Assets.xcassets in Resources */,
				CE1B2A5C21A608C0002413FF /* Main.storyboard in Resources */,
			);
			runOnlyForDeploymentPostprocessing = 0;
		};
/* End PBXResourcesBuildPhase section */

/* Begin PBXSourcesBuildPhase section */
		CE1B2A4F21A608C0002413FF /* Sources */ = {
			isa = PBXSourcesBuildPhase;
			buildActionMask = 2147483647;
			files = (
				CE20AB5A21AB7153004E66EB /* SuggestionVC.swift in Sources */,
				CE20AB5F21AF21A3004E66EB /* Profil2VC.swift in Sources */,
				CE20AB6121AF21CD004E66EB /* Profillll2222VVCC.swift in Sources */,
				CE1B2A7321A8866E002413FF /* FeedCell.swift in Sources */,
				CE1B2A6D21A6317B002413FF /* InPersonneCatergoryVC.swift in Sources */,
				CE20AB5621AAF22A004E66EB /* UserInfonSugTableCell.swift in Sources */,
				CE1B2A7521A88A18002413FF /* JobImpersonCategory.swift in Sources */,
				CE6E790A21A8DA250004796E /* UserProfileVC.swift in Sources */,
				CE1B2A7721A88A68002413FF /* DataSet.swift in Sources */,
				CE1B2A5921A608C0002413FF /* ViewController.swift in Sources */,
				CE1B2A6B21A630CD002413FF /* PopulaInpersoTableCell.swift in Sources */,
				CE20AB5D21AF1F09004E66EB /* CollectionViewController.swift in Sources */,
				CE1B2A7121A88501002413FF /* StoriesCell.swift in Sources */,
				CE6E790C21A8E9260004796E /* SuggestionsCell.swift in Sources */,
				CE20AB6321AF2905004E66EB /* HeaderReusableView1.swift in Sources */,
				CE20AB5821AB4473004E66EB /* PhotoTableViewCell.swift in Sources */,
				CE1B2A5721A608C0002413FF /* AppDelegate.swift in Sources */,
				CE1B2A6F21A632BD002413FF /* insideCollectionCollectionViewCell.swift in Sources */,
			);
			runOnlyForDeploymentPostprocessing = 0;
		};
/* End PBXSourcesBuildPhase section */

/* Begin PBXVariantGroup section */
		CE1B2A5A21A608C0002413FF /* Main.storyboard */ = {
			isa = PBXVariantGroup;
			children = (
				CE1B2A5B21A608C0002413FF /* Base */,
			);
			name = Main.storyboard;
			sourceTree = "<group>";
		};
		CE1B2A5F21A608C6002413FF /* LaunchScreen.storyboard */ = {
			isa = PBXVariantGroup;
			children = (
				CE1B2A6021A608C6002413FF /* Base */,
			);
			name = LaunchScreen.storyboard;
			sourceTree = "<group>";
		};
/* End PBXVariantGroup section */

/* Begin XCBuildConfiguration section */
		CE1B2A6321A608C6002413FF /* Debug */ = {
			isa = XCBuildConfiguration;
			buildSettings = {
				ALWAYS_SEARCH_USER_PATHS = NO;
				CLANG_ANALYZER_NONNULL = YES;
				CLANG_ANALYZER_NUMBER_OBJECT_CONVERSION = YES_AGGRESSIVE;
				CLANG_CXX_LANGUAGE_STANDARD = "gnu++14";
				CLANG_CXX_LIBRARY = "libc++";
				CLANG_ENABLE_MODULES = YES;
				CLANG_ENABLE_OBJC_ARC = YES;
				CLANG_ENABLE_OBJC_WEAK = YES;
				CLANG_WARN_BLOCK_CAPTURE_AUTORELEASING = YES;
				CLANG_WARN_BOOL_CONVERSION = YES;
				CLANG_WARN_COMMA = YES;
				CLANG_WARN_CONSTANT_CONVERSION = YES;
				CLANG_WARN_DEPRECATED_OBJC_IMPLEMENTATIONS = YES;
				CLANG_WARN_DIRECT_OBJC_ISA_USAGE = YES_ERROR;
				CLANG_WARN_DOCUMENTATION_COMMENTS = YES;
				CLANG_WARN_EMPTY_BODY = YES;
				CLANG_WARN_ENUM_CONVERSION = YES;
				CLANG_WARN_INFINITE_RECURSION = YES;
				CLANG_WARN_INT_CONVERSION = YES;
				CLANG_WARN_NON_LITERAL_NULL_CONVERSION = YES;
				CLANG_WARN_OBJC_IMPLICIT_RETAIN_SELF = YES;
				CLANG_WARN_OBJC_LITERAL_CONVERSION = YES;
				CLANG_WARN_OBJC_ROOT_CLASS = YES_ERROR;
				CLANG_WARN_RANGE_LOOP_ANALYSIS = YES;
				CLANG_WARN_STRICT_PROTOTYPES = YES;
				CLANG_WARN_SUSPICIOUS_MOVE = YES;
				CLANG_WARN_UNGUARDED_AVAILABILITY = YES_AGGRESSIVE;
				CLANG_WARN_UNREACHABLE_CODE = YES;
				CLANG_WARN__DUPLICATE_METHOD_MATCH = YES;
				CODE_SIGN_IDENTITY = "iPhone Developer";
				COPY_PHASE_STRIP = NO;
				DEBUG_INFORMATION_FORMAT = dwarf;
				ENABLE_STRICT_OBJC_MSGSEND = YES;
				ENABLE_TESTABILITY = YES;
				GCC_C_LANGUAGE_STANDARD = gnu11;
				GCC_DYNAMIC_NO_PIC = NO;
				GCC_NO_COMMON_BLOCKS = YES;
				GCC_OPTIMIZATION_LEVEL = 0;
				GCC_PREPROCESSOR_DEFINITIONS = (
					"DEBUG=1",
					"$(inherited)",
				);
				GCC_WARN_64_TO_32_BIT_CONVERSION = YES;
				GCC_WARN_ABOUT_RETURN_TYPE = YES_ERROR;
				GCC_WARN_UNDECLARED_SELECTOR = YES;
				GCC_WARN_UNINITIALIZED_AUTOS = YES_AGGRESSIVE;
				GCC_WARN_UNUSED_FUNCTION = YES;
				GCC_WARN_UNUSED_VARIABLE = YES;
				IPHONEOS_DEPLOYMENT_TARGET = 12.0;
				MTL_ENABLE_DEBUG_INFO = INCLUDE_SOURCE;
				MTL_FAST_MATH = YES;
				ONLY_ACTIVE_ARCH = YES;
				SDKROOT = iphoneos;
				SWIFT_ACTIVE_COMPILATION_CONDITIONS = DEBUG;
				SWIFT_OPTIMIZATION_LEVEL = "-Onone";
			};
			name = Debug;
		};
		CE1B2A6421A608C6002413FF /* Release */ = {
			isa = XCBuildConfiguration;
			buildSettings = {
				ALWAYS_SEARCH_USER_PATHS = NO;
				CLANG_ANALYZER_NONNULL = YES;
				CLANG_ANALYZER_NUMBER_OBJECT_CONVERSION = YES_AGGRESSIVE;
				CLANG_CXX_LANGUAGE_STANDARD = "gnu++14";
				CLANG_CXX_LIBRARY = "libc++";
				CLANG_ENABLE_MODULES = YES;
				CLANG_ENABLE_OBJC_ARC = YES;
				CLANG_ENABLE_OBJC_WEAK = YES;
				CLANG_WARN_BLOCK_CAPTURE_AUTORELEASING = YES;
				CLANG_WARN_BOOL_CONVERSION = YES;
				CLANG_WARN_COMMA = YES;
				CLANG_WARN_CONSTANT_CONVERSION = YES;
				CLANG_WARN_DEPRECATED_OBJC_IMPLEMENTATIONS = YES;
				CLANG_WARN_DIRECT_OBJC_ISA_USAGE = YES_ERROR;
				CLANG_WARN_DOCUMENTATION_COMMENTS = YES;
				CLANG_WARN_EMPTY_BODY = YES;
				CLANG_WARN_ENUM_CONVERSION = YES;
				CLANG_WARN_INFINITE_RECURSION = YES;
				CLANG_WARN_INT_CONVERSION = YES;
				CLANG_WARN_NON_LITERAL_NULL_CONVERSION = YES;
				CLANG_WARN_OBJC_IMPLICIT_RETAIN_SELF = YES;
				CLANG_WARN_OBJC_LITERAL_CONVERSION = YES;
				CLANG_WARN_OBJC_ROOT_CLASS = YES_ERROR;
				CLANG_WARN_RANGE_LOOP_ANALYSIS = YES;
				CLANG_WARN_STRICT_PROTOTYPES = YES;
				CLANG_WARN_SUSPICIOUS_MOVE = YES;
				CLANG_WARN_UNGUARDED_AVAILABILITY = YES_AGGRESSIVE;
				CLANG_WARN_UNREACHABLE_CODE = YES;
				CLANG_WARN__DUPLICATE_METHOD_MATCH = YES;
				CODE_SIGN_IDENTITY = "iPhone Developer";
				COPY_PHASE_STRIP = NO;
				DEBUG_INFORMATION_FORMAT = "dwarf-with-dsym";
				ENABLE_NS_ASSERTIONS = NO;
				ENABLE_STRICT_OBJC_MSGSEND = YES;
				GCC_C_LANGUAGE_STANDARD = gnu11;
				GCC_NO_COMMON_BLOCKS = YES;
				GCC_WARN_64_TO_32_BIT_CONVERSION = YES;
				GCC_WARN_ABOUT_RETURN_TYPE = YES_ERROR;
				GCC_WARN_UNDECLARED_SELECTOR = YES;
				GCC_WARN_UNINITIALIZED_AUTOS = YES_AGGRESSIVE;
				GCC_WARN_UNUSED_FUNCTION = YES;
				GCC_WARN_UNUSED_VARIABLE = YES;
				IPHONEOS_DEPLOYMENT_TARGET = 12.0;
				MTL_ENABLE_DEBUG_INFO = NO;
				MTL_FAST_MATH = YES;
				SDKROOT = iphoneos;
				SWIFT_COMPILATION_MODE = wholemodule;
				SWIFT_OPTIMIZATION_LEVEL = "-O";
				VALIDATE_PRODUCT = YES;
			};
			name = Release;
		};
		CE1B2A6621A608C6002413FF /* Debug */ = {
			isa = XCBuildConfiguration;
			buildSettings = {
				ASSETCATALOG_COMPILER_APPICON_NAME = AppIcon;
				CODE_SIGN_STYLE = Automatic;
				DEVELOPMENT_TEAM = PM8B58NN5C;
				INFOPLIST_FILE = InstagramUI1/Info.plist;
				LD_RUNPATH_SEARCH_PATHS = (
					"$(inherited)",
					"@executable_path/Frameworks",
				);
				PRODUCT_BUNDLE_IDENTIFIER = com.santi1234.InstagramUI1;
				PRODUCT_NAME = "$(TARGET_NAME)";
				SWIFT_VERSION = 4.2;
				TARGETED_DEVICE_FAMILY = "1,2";
			};
			name = Debug;
		};
		CE1B2A6721A608C6002413FF /* Release */ = {
			isa = XCBuildConfiguration;
			buildSettings = {
				ASSETCATALOG_COMPILER_APPICON_NAME = AppIcon;
				CODE_SIGN_STYLE = Automatic;
				DEVELOPMENT_TEAM = PM8B58NN5C;
				INFOPLIST_FILE = InstagramUI1/Info.plist;
				LD_RUNPATH_SEARCH_PATHS = (
					"$(inherited)",
					"@executable_path/Frameworks",
				);
				PRODUCT_BUNDLE_IDENTIFIER = com.santi1234.InstagramUI1;
				PRODUCT_NAME = "$(TARGET_NAME)";
				SWIFT_VERSION = 4.2;
				TARGETED_DEVICE_FAMILY = "1,2";
			};
			name = Release;
		};
/* End XCBuildConfiguration section */

/* Begin XCConfigurationList section */
		CE1B2A4E21A608C0002413FF /* Build configuration list for PBXProject "InstagramUI1" */ = {
			isa = XCConfigurationList;
			buildConfigurations = (
				CE1B2A6321A608C6002413FF /* Debug */,
				CE1B2A6421A608C6002413FF /* Release */,
			);
			defaultConfigurationIsVisible = 0;
			defaultConfigurationName = Release;
		};
		CE1B2A6521A608C6002413FF /* Build configuration list for PBXNativeTarget "InstagramUI1" */ = {
			isa = XCConfigurationList;
			buildConfigurations = (
				CE1B2A6621A608C6002413FF /* Debug */,
				CE1B2A6721A608C6002413FF /* Release */,
			);
			defaultConfigurationIsVisible = 0;
			defaultConfigurationName = Release;
		};
/* End XCConfigurationList section */
	};
	rootObject = CE1B2A4B21A608C0002413FF /* Project object */;
}
